
Microsoft Visual Studio Solution File, Format Version 12.00
# Visual Studio Version 17
VisualStudioVersion = 17.8.34330.188
MinimumVisualStudioVersion = 10.0.40219.1
Project("{FAE04EC0-301F-11D3-BF4B-00C04F79EFBC}") = "CALINQ24091603", "CALINQ24091603.csproj", "{D43B02FA-7316-4F72-80C7-35CF58B98FF0}"
EndProject
Global
	GlobalSection(SolutionConfigurationPlatforms) = preSolution
		Debug|Any CPU = Debug|Any CPU
		Release|Any CPU = Release|Any CPU
	EndGlobalSection
	GlobalSection(ProjectConfigurationPlatforms) = postSolution
		{D43B02FA-7316-4F72-80C7-35CF58B98FF0}.Debug|Any CPU.ActiveCfg = Debug|Any CPU
		{D43B02FA-7316-4F72-80C7-35CF58B98FF0}.Debug|Any CPU.Build.0 = Debug|Any CPU
		{D43B02FA-7316-4F72-80C7-35CF58B98FF0}.Release|Any CPU.ActiveCfg = Release|Any CPU
		{D43B02FA-7316-4F72-80C7-35CF58B98FF0}.Release|Any CPU.Build.0 = Release|Any CPU
	EndGlobalSection
	GlobalSection(SolutionProperties) = preSolution
		HideSolutionNode = FALSE
	EndGlobalSection
	GlobalSection(ExtensibilityGlobals) = postSolution
		SolutionGuid = {8F8B36EA-A866-45FA-B78B-9B230636EC88}
	EndGlobalSection
EndGlobal
